<?xml version="1.0" encoding="utf-8"?>
<Project ToolsVersion="4.0" xmlns="http://schemas.microsoft.com/developer/msbuild/2003">
  <ItemGroup>
    <Filter Include="ソース ファイル">
      <UniqueIdentifier>{4FC737F1-C7A5-4376-A066-2A32D752A2FF}</UniqueIdentifier>
      <Extensions>cpp;c;cc;cxx;def;odl;idl;hpj;bat;asm;asmx</Extensions>
    </Filter>
    <Filter Include="ソース ファイル\Engine">
      <UniqueIdentifier>{2043af8f-edac-4e7c-8225-5c1252be1ac9}</UniqueIdentifier>
    </Filter>
    <Filter Include="ソース ファイル\Common">
      <UniqueIdentifier>{be978182-3eaa-4d65-a2d3-67c12c0e0d3b}</UniqueIdentifier>
    </Filter>
    <Filter Include="ソース ファイル\Game">
      <UniqueIdentifier>{0efdae4d-9c02-4f5b-8622-8f3e7bc9fe41}</UniqueIdentifier>
    </Filter>
    <Filter Include="ソース ファイル\Game\Scene">
      <UniqueIdentifier>{dcf2839c-d0e8-4338-8500-b9aaf01731bc}</UniqueIdentifier>
    </Filter>
  </ItemGroup>
  <ItemGroup>
    <ClCompile Include="Src\Engine\Engine.cpp">
      <Filter>ソース ファイル\Engine</Filter>
    </ClCompile>
    <ClCompile Include="Src\Engine\Window.cpp">
      <Filter>ソース ファイル\Engine</Filter>
    </ClCompile>
    <ClCompile Include="Src\Main.cpp">
      <Filter>ソース ファイル</Filter>
    </ClCompile>
    <ClCompile Include="Src\Engine\Graphics.cpp">
      <Filter>ソース ファイル\Engine</Filter>
    </ClCompile>
    <ClCompile Include="Src\Engine\Input.cpp">
      <Filter>ソース ファイル\Engine</Filter>
    </ClCompile>
    <ClCompile Include="Src\Engine\InputGamePad.cpp">
      <Filter>ソース ファイル\Engine</Filter>
    </ClCompile>
    <ClCompile Include="Src\Engine\InputKeyboard.cpp">
      <Filter>ソース ファイル\Engine</Filter>
    </ClCompile>
    <ClCompile Include="Src\Engine\InputMouse.cpp">
      <Filter>ソース ファイル\Engine</Filter>
    </ClCompile>
    <ClCompile Include="Src\Engine\Sound.cpp">
      <Filter>ソース ファイル\Engine</Filter>
    </ClCompile>
    <ClCompile Include="Src\Engine\Texture.Manager.cpp">
      <Filter>ソース ファイル\Engine</Filter>
    </ClCompile>
    <ClCompile Include="Src\Game\Scene\Scene.cpp">
      <Filter>ソース ファイル\Game\Scene</Filter>
    </ClCompile>
    <ClCompile Include="Src\Game\Scene\TitleScene.cpp">
      <Filter>ソース ファイル\Game\Scene</Filter>
    </ClCompile>
    <ClCompile Include="Src\Game\Scene\GameScene.cpp">
      <Filter>ソース ファイル\Game\Scene</Filter>
    </ClCompile>
    <ClCompile Include="Enemy01.cpp">
      <Filter>ソース ファイル</Filter>
    </ClCompile>
    <ClCompile Include="Player.cpp">
      <Filter>ソース ファイル</Filter>
    </ClCompile>
    <ClCompile Include="Bullet.cpp">
      <Filter>ソース ファイル</Filter>
    </ClCompile>
    <ClCompile Include="EnemyManager.cpp">
      <Filter>ソース ファイル</Filter>
    </ClCompile>
    <ClCompile Include="BulletManager.cpp">
      <Filter>ソース ファイル</Filter>
    </ClCompile>
    <ClCompile Include="Score.cpp">
      <Filter>ソース ファイル</Filter>
    </ClCompile>
    <ClCompile Include="CollisionDetection.cpp">
      <Filter>ソース ファイル</Filter>
    </ClCompile>
    <ClCompile Include="Enemy02.cpp">
      <Filter>ソース ファイル</Filter>
    </ClCompile>
    <ClCompile Include="Enemy02Manager.cpp">
      <Filter>ソース ファイル</Filter>
    </ClCompile>
  </ItemGroup>
  <ItemGroup>
    <ClInclude Include="Src\Engine\Window.h">
      <Filter>ソース ファイル\Engine</Filter>
    </ClInclude>
    <ClInclude Include="Src\Engine\Graphics.h">
      <Filter>ソース ファイル\Engine</Filter>
    </ClInclude>
    <ClInclude Include="Src\Engine\Input.h">
      <Filter>ソース ファイル\Engine</Filter>
    </ClInclude>
    <ClInclude Include="Src\Engine\InputGamePad.h">
      <Filter>ソース ファイル\Engine</Filter>
    </ClInclude>
    <ClInclude Include="Src\Engine\InputKeyboard.h">
      <Filter>ソース ファイル\Engine</Filter>
    </ClInclude>
    <ClInclude Include="Src\Engine\InputMouse.h">
      <Filter>ソース ファイル\Engine</Filter>
    </ClInclude>
    <ClInclude Include="Src\Engine\Sound.h">
      <Filter>ソース ファイル\Engine</Filter>
    </ClInclude>
    <ClInclude Include="Src\Engine\Engine.h">
      <Filter>ソース ファイル\Engine</Filter>
    </ClInclude>
    <ClInclude Include="Src\Engine\EngineConstant.h">
      <Filter>ソース ファイル\Engine</Filter>
    </ClInclude>
    <ClInclude Include="Src\Common\Size.h">
      <Filter>ソース ファイル\Common</Filter>
    </ClInclude>
    <ClInclude Include="Src\Common\Vec.h">
      <Filter>ソース ファイル\Common</Filter>
    </ClInclude>
    <ClInclude Include="Src\Engine\TextureManager.h">
      <Filter>ソース ファイル\Engine</Filter>
    </ClInclude>
    <ClInclude Include="Src\Game\Scene\Scene.h">
      <Filter>ソース ファイル\Game\Scene</Filter>
    </ClInclude>
    <ClInclude Include="Src\Game\Scene\TitleScene.h">
      <Filter>ソース ファイル\Game\Scene</Filter>
    </ClInclude>
    <ClInclude Include="Src\Game\Scene\GameScene.h">
      <Filter>ソース ファイル\Game\Scene</Filter>
    </ClInclude>
    <ClInclude Include="Enemy01.h">
      <Filter>ソース ファイル</Filter>
    </ClInclude>
    <ClInclude Include="Player.h">
      <Filter>ソース ファイル</Filter>
    </ClInclude>
    <ClInclude Include="Bullet.h">
      <Filter>ソース ファイル</Filter>
    </ClInclude>
    <ClInclude Include="EnemyManager.h">
      <Filter>ソース ファイル</Filter>
    </ClInclude>
    <ClInclude Include="BulletManager.h">
      <Filter>ソース ファイル</Filter>
    </ClInclude>
    <ClInclude Include="Score.h">
      <Filter>ソース ファイル</Filter>
    </ClInclude>
    <ClInclude Include="CollisionDetection.h">
      <Filter>ソース ファイル</Filter>
    </ClInclude>
    <ClInclude Include="Enemy02.h">
      <Filter>ソース ファイル</Filter>
    </ClInclude>
    <ClInclude Include="Enemy02Manager.h">
      <Filter>ソース ファイル</Filter>
    </ClInclude>
  </ItemGroup>
</Project>